github.com/StackExchange/wmi v0.0.0-20210224194228-fe8f1750fd46 h1:5sXbqlSomvdjlRbWyNqkPsJ3Fg+tQZCbgeX1VGljbQY=
github.com/StackExchange/wmi v0.0.0-20210224194228-fe8f1750fd46/go.mod h1:3eOhrUMpNV+6aFIbp5/iudMxNCF27Vw2OZgy4xEx0Fg=
github.com/davecgh/go-spew v1.1.0/go.mod h1:J7Y8YcW2NihsgmVo/mv3lAwl/skON4iLHjSsI+c5H38=
github.com/go-ole/go-ole v1.2.5 h1:t4MGB5xEDZvXI+0rMjjsfBsD7yAgp/s9ZDkL1JndXwY=
github.com/go-ole/go-ole v1.2.5/go.mod h1:pprOEPIfldk/42T2oK7lQ4v4JSDwmV0As9GaiUsvbm0=
github.com/google/uuid v1.0.0 h1:b4Gk+7WdP/d3HZH8EJsZpvV7EtDOgaZLtnaNGIu1adA=
github.com/google/uuid v1.0.0/go.mod h1:TIyPZe4MgqvfeYDBFedMoGGpEw/LqOeaOT+nhxU+yHo=
github.com/gorilla/mux v1.8.0 h1:i40aqfkR1h2SlN9hojwV5ZA91wcXFOvkdNIeFDP5koI=
github.com/gorilla/mux v1.8.0/go.mod h1:DVbg23sWSpFRCP0SfiEN6jmj59UnW/n46BH5rLB71So=
github.com/honeybadger-io/honeybadger-go v0.5.0 h1:aB+rWcUZ1uaOxxbgX2Dazir+vodrMNlWGEp8fd0ttv0=
github.com/honeybadger-io/honeybadger-go v0.5.0/go.mod h1:39ZC81aq3YtRBX7QPVvMj+NsYlsHFKLXNAXwgTo/SCc=
github.com/pborman/uuid v1.2.0 h1:J7Q5mO4ysT1dv8hyrUGHb9+ooztCXu1D8MY8DZYsu3g=
github.com/pborman/uuid v1.2.0/go.mod h1:X/NO0urCmaxf9VXbdlT7C2Yzkj2IKimNn4k+gtPdI/k=
github.com/pmezard/go-difflib v1.0.0/go.mod h1:iKH77koFhYxTK1pcRnkKkqfTogsbg7gZNVY4sRDYZ/4=
github.com/shirou/gopsutil v2.18.12+incompatible h1:1eaJvGomDnH74/5cF4CTmTbLHAriGFsTZppLXDX93OM=
github.com/shirou/gopsutil v2.18.12+incompatible/go.mod h1:5b4v6he4MtMOwMlS0TUMTu2PcXUg8+E1lC7eC3UO/RA=
github.com/stretchr/objx v0.1.0/go.mod h1:HFkY916IF+rwdDfMAkV7OtwuqBVzrE8GR6GFx+wExME=
github.com/stretchr/testify v1.3.0/go.mod h1:M5WIy9Dh21IEIfnGCwXGc5bZfKNJtfHm1UVUgZn+9EI=
github.com/zerotohero-dev/fizz-env v0.1.0 h1:qB1Lel1YaKxcq4TH6/xed+NP+QYcVTZdTMXaXgY4ERY=
github.com/zerotohero-dev/fizz-env v0.1.0/go.mod h1:FPXQfRJ46qdmUXBaeanHg1dgx/wK2vJEmH/dTRr10tk=
github.com/zerotohero-dev/fizz-env v0.1.1 h1:iNXlB3h8U3g+ACkDQj2KoSAFfA2/d28qcPN10jp5ayU=
github.com/zerotohero-dev/fizz-env v0.1.1/go.mod h1:FPXQfRJ46qdmUXBaeanHg1dgx/wK2vJEmH/dTRr10tk=
github.com/zerotohero-dev/fizz-env v0.1.6 h1:8x//KTJZ8dLWPLrB8Pb94cN4sczbi7wzmyKgEpAyE/s=
github.com/zerotohero-dev/fizz-env v0.1.6/go.mod h1:FPXQfRJ46qdmUXBaeanHg1dgx/wK2vJEmH/dTRr10tk=
golang.org/x/sys v0.0.0-20190626221950-04f50cda93cb/go.mod h1:h1NjWce9XRLGQEsW7wpKNCjG9DtNlClVuFLEZdDNbEs=
golang.org/x/sys v0.0.0-20190916202348-b4ddaad3f8a3 h1:7TYNF4UdlohbFwpNH04CoPMp1cHUZgO1Ebq5r2hIjfo=
golang.org/x/sys v0.0.0-20190916202348-b4ddaad3f8a3/go.mod h1:h1NjWce9XRLGQEsW7wpKNCjG9DtNlClVuFLEZdDNbEs=
